
Microsoft Visual Studio Solution File, Format Version 12.00
# Visual Studio Version 17
VisualStudioVersion = 17.10.35027.167
MinimumVisualStudioVersion = 10.0.40219.1
Project("{FAE04EC0-301F-11D3-BF4B-00C04F79EFBC}") = "Project_1", "Project_1\Project_1.csproj", "{351E16D1-2C13-4798-9521-31DCE997A04E}"
EndProject
Global
	GlobalSection(SolutionConfigurationPlatforms) = preSolution
		Debug|Any CPU = Debug|Any CPU
		Release|Any CPU = Release|Any CPU
	EndGlobalSection
	GlobalSection(ProjectConfigurationPlatforms) = postSolution
		{351E16D1-2C13-4798-9521-31DCE997A04E}.Debug|Any CPU.ActiveCfg = Debug|Any CPU
		{351E16D1-2C13-4798-9521-31DCE997A04E}.Debug|Any CPU.Build.0 = Debug|Any CPU
		{351E16D1-2C13-4798-9521-31DCE997A04E}.Release|Any CPU.ActiveCfg = Release|Any CPU
		{351E16D1-2C13-4798-9521-31DCE997A04E}.Release|Any CPU.Build.0 = Release|Any CPU
	EndGlobalSection
	GlobalSection(SolutionProperties) = preSolution
		HideSolutionNode = FALSE
	EndGlobalSection
	GlobalSection(ExtensibilityGlobals) = postSolution
		SolutionGuid = {95FBEF5B-D246-41FF-BCCB-50E8D324C7E8}
	EndGlobalSection
EndGlobal
